lockfile_version: '1'
generated_at: '2026-06-01T05:43:55.784136+00:00'
apm_version: 0.16.0
dependencies:
- repo_url: yukimemi/renri
  host: github.com
  resolved_commit: 1bc5976892f4200280b6227ca71deead6c40a574
  resolved_ref: main
  package_type: apm_package
  deployed_files:
  - .agents/skills/renri
  - .claude/skills/renri
  content_hash: sha256:8ac9660ed09c5fcc48e4855896466885f3c03b03c55763fda2df250819e2b065
